
Microsoft Visual Studio Solution File, Format Version 12.00
# Visual Studio Version 17
VisualStudioVersion = 17.9.34701.34
MinimumVisualStudioVersion = 10.0.40219.1
Project("{FAE04EC0-301F-11D3-BF4B-00C04F79EFBC}") = "ExtensionSample001", "ExtensionSample001\ExtensionSample001.csproj", "{9308BA0C-0E41-4827-8A0F-0C5E85D66DB0}"
EndProject
Global
	GlobalSection(SolutionConfigurationPlatforms) = preSolution
		Debug|Any CPU = Debug|Any CPU
		Release|Any CPU = Release|Any CPU
	EndGlobalSection
	GlobalSection(ProjectConfigurationPlatforms) = postSolution
		{9308BA0C-0E41-4827-8A0F-0C5E85D66DB0}.Debug|Any CPU.ActiveCfg = Debug|Any CPU
		{9308BA0C-0E41-4827-8A0F-0C5E85D66DB0}.Debug|Any CPU.Build.0 = Debug|Any CPU
		{9308BA0C-0E41-4827-8A0F-0C5E85D66DB0}.Release|Any CPU.ActiveCfg = Release|Any CPU
		{9308BA0C-0E41-4827-8A0F-0C5E85D66DB0}.Release|Any CPU.Build.0 = Release|Any CPU
	EndGlobalSection
	GlobalSection(SolutionProperties) = preSolution
		HideSolutionNode = FALSE
	EndGlobalSection
	GlobalSection(ExtensibilityGlobals) = postSolution
		SolutionGuid = {198D339C-86FC-46D7-8081-BEE5872260EE}
	EndGlobalSection
EndGlobal
