
Microsoft Visual Studio Solution File, Format Version 12.00
# Visual Studio Version 17
VisualStudioVersion = 17.9.34701.34
MinimumVisualStudioVersion = 10.0.40219.1
Project("{FAE04EC0-301F-11D3-BF4B-00C04F79EFBC}") = "InterfaceSample001", "InterfaceSample001\InterfaceSample001.csproj", "{08016967-DE98-4D25-9B2A-7E0199110BCF}"
EndProject
Global
	GlobalSection(SolutionConfigurationPlatforms) = preSolution
		Debug|Any CPU = Debug|Any CPU
		Release|Any CPU = Release|Any CPU
	EndGlobalSection
	GlobalSection(ProjectConfigurationPlatforms) = postSolution
		{08016967-DE98-4D25-9B2A-7E0199110BCF}.Debug|Any CPU.ActiveCfg = Debug|Any CPU
		{08016967-DE98-4D25-9B2A-7E0199110BCF}.Debug|Any CPU.Build.0 = Debug|Any CPU
		{08016967-DE98-4D25-9B2A-7E0199110BCF}.Release|Any CPU.ActiveCfg = Release|Any CPU
		{08016967-DE98-4D25-9B2A-7E0199110BCF}.Release|Any CPU.Build.0 = Release|Any CPU
	EndGlobalSection
	GlobalSection(SolutionProperties) = preSolution
		HideSolutionNode = FALSE
	EndGlobalSection
	GlobalSection(ExtensibilityGlobals) = postSolution
		SolutionGuid = {24A46D15-6BD1-4C2D-89A6-F46584C7711E}
	EndGlobalSection
EndGlobal
