
Microsoft Visual Studio Solution File, Format Version 12.00
# Visual Studio Version 17
VisualStudioVersion = 17.9.34701.34
MinimumVisualStudioVersion = 10.0.40219.1
Project("{FAE04EC0-301F-11D3-BF4B-00C04F79EFBC}") = "ExLinqSample009", "ExLinqSample009\ExLinqSample009.csproj", "{860A3CAC-849B-40D1-8C0E-334ECC1F960A}"
EndProject
Global
	GlobalSection(SolutionConfigurationPlatforms) = preSolution
		Debug|Any CPU = Debug|Any CPU
		Release|Any CPU = Release|Any CPU
	EndGlobalSection
	GlobalSection(ProjectConfigurationPlatforms) = postSolution
		{860A3CAC-849B-40D1-8C0E-334ECC1F960A}.Debug|Any CPU.ActiveCfg = Debug|Any CPU
		{860A3CAC-849B-40D1-8C0E-334ECC1F960A}.Debug|Any CPU.Build.0 = Debug|Any CPU
		{860A3CAC-849B-40D1-8C0E-334ECC1F960A}.Release|Any CPU.ActiveCfg = Release|Any CPU
		{860A3CAC-849B-40D1-8C0E-334ECC1F960A}.Release|Any CPU.Build.0 = Release|Any CPU
	EndGlobalSection
	GlobalSection(SolutionProperties) = preSolution
		HideSolutionNode = FALSE
	EndGlobalSection
	GlobalSection(ExtensibilityGlobals) = postSolution
		SolutionGuid = {4DE2F082-ECCA-414D-9A60-8A755200E153}
	EndGlobalSection
EndGlobal
